
Microsoft Visual Studio Solution File, Format Version 12.00
# Visual Studio Version 16
VisualStudioVersion = 16.0.31025.194
MinimumVisualStudioVersion = 10.0.40219.1
Project("{9A19103F-16F7-4668-BE54-9A1E7A4F7556}") = "Yams2", "Yams2.csproj", "{F4B60256-BF46-470A-BBEC-CB1B619F5721}"
EndProject
Project("{FAE04EC0-301F-11D3-BF4B-00C04F79EFBC}") = "BibliotequeYams", "..\BibliotequeYams\BibliotequeYams.csproj", "{E715D352-1198-44C4-9E94-93E76F7F108C}"
EndProject
Global
	GlobalSection(SolutionConfigurationPlatforms) = preSolution
		Debug|Any CPU = Debug|Any CPU
		Release|Any CPU = Release|Any CPU
	EndGlobalSection
	GlobalSection(ProjectConfigurationPlatforms) = postSolution
		{F4B60256-BF46-470A-BBEC-CB1B619F5721}.Debug|Any CPU.ActiveCfg = Debug|Any CPU
		{F4B60256-BF46-470A-BBEC-CB1B619F5721}.Debug|Any CPU.Build.0 = Debug|Any CPU
		{F4B60256-BF46-470A-BBEC-CB1B619F5721}.Release|Any CPU.ActiveCfg = Release|Any CPU
		{F4B60256-BF46-470A-BBEC-CB1B619F5721}.Release|Any CPU.Build.0 = Release|Any CPU
		{E715D352-1198-44C4-9E94-93E76F7F108C}.Debug|Any CPU.ActiveCfg = Debug|Any CPU
		{E715D352-1198-44C4-9E94-93E76F7F108C}.Debug|Any CPU.Build.0 = Debug|Any CPU
		{E715D352-1198-44C4-9E94-93E76F7F108C}.Release|Any CPU.ActiveCfg = Release|Any CPU
		{E715D352-1198-44C4-9E94-93E76F7F108C}.Release|Any CPU.Build.0 = Release|Any CPU
	EndGlobalSection
	GlobalSection(SolutionProperties) = preSolution
		HideSolutionNode = FALSE
	EndGlobalSection
	GlobalSection(ExtensibilityGlobals) = postSolution
		SolutionGuid = {4E3A7EEC-12EB-44AF-914E-5C71AA47D248}
	EndGlobalSection
EndGlobal
